
Microsoft Visual Studio Solution File, Format Version 12.00
# Visual Studio 15
VisualStudioVersion = 15.0.27004.2008
MinimumVisualStudioVersion = 10.0.40219.1
Project("{9A19103F-16F7-4668-BE54-9A1E7A4F7556}") = "Spammer", "Spammer\Spammer.csproj", "{21A00956-45FD-49C7-AA1E-CADF0EBAFD9C}"
EndProject
Project("{9A19103F-16F7-4668-BE54-9A1E7A4F7556}") = "Spammer.Tests", "Spammer.Tests\Spammer.Tests.csproj", "{49F1F458-C874-49FD-8296-C4FDC492A083}"
	ProjectSection(ProjectDependencies) = postProject
		{21A00956-45FD-49C7-AA1E-CADF0EBAFD9C} = {21A00956-45FD-49C7-AA1E-CADF0EBAFD9C}
	EndProjectSection
EndProject
Global
	GlobalSection(SolutionConfigurationPlatforms) = preSolution
		Debug|Any CPU = Debug|Any CPU
		Release|Any CPU = Release|Any CPU
	EndGlobalSection
	GlobalSection(ProjectConfigurationPlatforms) = postSolution
		{21A00956-45FD-49C7-AA1E-CADF0EBAFD9C}.Debug|Any CPU.ActiveCfg = Debug|Any CPU
		{21A00956-45FD-49C7-AA1E-CADF0EBAFD9C}.Debug|Any CPU.Build.0 = Debug|Any CPU
		{21A00956-45FD-49C7-AA1E-CADF0EBAFD9C}.Release|Any CPU.ActiveCfg = Release|Any CPU
		{21A00956-45FD-49C7-AA1E-CADF0EBAFD9C}.Release|Any CPU.Build.0 = Release|Any CPU
		{49F1F458-C874-49FD-8296-C4FDC492A083}.Debug|Any CPU.ActiveCfg = Debug|Any CPU
		{49F1F458-C874-49FD-8296-C4FDC492A083}.Debug|Any CPU.Build.0 = Debug|Any CPU
		{49F1F458-C874-49FD-8296-C4FDC492A083}.Release|Any CPU.ActiveCfg = Release|Any CPU
		{49F1F458-C874-49FD-8296-C4FDC492A083}.Release|Any CPU.Build.0 = Release|Any CPU
	EndGlobalSection
	GlobalSection(SolutionProperties) = preSolution
		HideSolutionNode = FALSE
	EndGlobalSection
	GlobalSection(ExtensibilityGlobals) = postSolution
		SolutionGuid = {08049C53-5A05-4E91-B37A-BF1E75F3CA6D}
	EndGlobalSection
EndGlobal
